
Microsoft Visual Studio Solution File, Format Version 12.00
# Visual Studio Version 17
VisualStudioVersion = 17.7.34221.43
MinimumVisualStudioVersion = 10.0.40219.1
Project("{2150E333-8FDC-42A3-9474-1A3956D46DE8}") = "Services", "Services", "{3C9F1924-E0C1-4EA5-88BD-B2975189E1AF}"
EndProject
Project("{2150E333-8FDC-42A3-9474-1A3956D46DE8}") = "UserService", "UserService", "{3D1CC704-8843-4E87-807E-3B2F43F20360}"
EndProject
Project("{2150E333-8FDC-42A3-9474-1A3956D46DE8}") = "Apis", "Apis", "{9CAFF53E-509D-4424-B9DC-C95EB1CB7F0F}"
EndProject
Project("{2150E333-8FDC-42A3-9474-1A3956D46DE8}") = "Gateways", "Gateways", "{1D7EEDB1-0C9F-4BF7-AEEF-737FB0795F16}"
EndProject
Project("{2150E333-8FDC-42A3-9474-1A3956D46DE8}") = "Apis", "Apis", "{CCEB7C39-6218-4CE3-92FE-22CE2ACE4E34}"
EndProject
Project("{9A19103F-16F7-4668-BE54-9A1E7A4F7556}") = "XCRS.Services.UserService.Application", "src\Services\UserService\XCRS.Services.UserService.Application\XCRS.Services.UserService.Application.csproj", "{71E73495-B342-47C6-B435-BD066E5A0FDF}"
EndProject
Project("{9A19103F-16F7-4668-BE54-9A1E7A4F7556}") = "XCRS.Services.UserService.Domain", "src\Services\UserService\XCRS.Services.UserService.Domain\XCRS.Services.UserService.Domain.csproj", "{4CE112CD-507E-46FD-B126-12D2DC3DC357}"
EndProject
Project("{9A19103F-16F7-4668-BE54-9A1E7A4F7556}") = "XCRS.Services.UserService.Helper", "src\Services\UserService\XCRS.Services.UserService.Helper\XCRS.Services.UserService.Helper.csproj", "{AD6FC788-AF4D-4FCF-8491-1EEE6293E9AA}"
EndProject
Project("{9A19103F-16F7-4668-BE54-9A1E7A4F7556}") = "XCRS.Services.UserService.Infrastructure", "src\Services\UserService\XCRS.Services.UserService.Infrastructure\XCRS.Services.UserService.Infrastructure.csproj", "{DA7954D6-9B75-4881-ACE3-080D89B225D8}"
EndProject
Project("{9A19103F-16F7-4668-BE54-9A1E7A4F7556}") = "XCRS.Core", "src\XCRS.Core\XCRS.Core.csproj", "{E436252D-7BC8-4636-9AC4-88A6CD2B0C67}"
EndProject
Project("{2150E333-8FDC-42A3-9474-1A3956D46DE8}") = "Modetour", "Modetour", "{6894DB1A-38DC-4E1E-AF68-549119021F1C}"
EndProject
Project("{9A19103F-16F7-4668-BE54-9A1E7A4F7556}") = "XCRS.Gateways.Modetour.Core", "src\Gateways\Modetour\XCRS.Gateways.Modetour.Core\XCRS.Gateways.Modetour.Core.csproj", "{6FF8C047-A293-469F-BC31-B2CFE4CC08B3}"
EndProject
Project("{9A19103F-16F7-4668-BE54-9A1E7A4F7556}") = "XCRS.Gateways.Modetour.Apis.Main", "src\Gateways\Modetour\Apis\XCRS.Gateways.Modetour.Apis.Main\XCRS.Gateways.Modetour.Apis.Main.csproj", "{84893578-BC5D-4041-90AE-0611B2F63FCF}"
EndProject
Project("{9A19103F-16F7-4668-BE54-9A1E7A4F7556}") = "XCRS.Services.UserService.Apis.Main", "src\Services\UserService\Apis\XCRS.Services.UserService.Apis.Main\XCRS.Services.UserService.Apis.Main.csproj", "{25BCF73B-28B5-4743-80ED-8DA32B2B896B}"
EndProject
Project("{9A19103F-16F7-4668-BE54-9A1E7A4F7556}") = "XCRS.Modetour.Core", "src\XCRS.Modetour.Core\XCRS.Modetour.Core.csproj", "{A21D260A-5829-4892-84C8-C5EEB946B95C}"
EndProject
Project("{9A19103F-16F7-4668-BE54-9A1E7A4F7556}") = "XCRS.Services.Core", "src\Services\XCRS.Services.Core\XCRS.Services.Core.csproj", "{F0C5B0A1-D7E0-4FCA-AB2E-6ECFD09BD1C2}"
EndProject
Project("{2150E333-8FDC-42A3-9474-1A3956D46DE8}") = "Integrators", "Integrators", "{882C740E-4C7D-4F26-A7AF-3B666208E27D}"
EndProject
Project("{9A19103F-16F7-4668-BE54-9A1E7A4F7556}") = "XCRS.Services.UserService.Consoles.Modetour.Integrator", "src\Services\UserService\Consoles\Modetour\XCRS.Services.UserService.Consoles.Modetour.Integrator\XCRS.Services.UserService.Consoles.Modetour.Integrator.csproj", "{C8A8CE4D-7794-49D5-9CA4-7F0068BF117E}"
EndProject
Project("{2150E333-8FDC-42A3-9474-1A3956D46DE8}") = "Modetour", "Modetour", "{A66DF21A-560C-4859-BDD6-FBBB4D42AEF3}"
EndProject
Project("{2150E333-8FDC-42A3-9474-1A3956D46DE8}") = "Modetour", "Modetour", "{2E42240E-2CA4-4437-A88B-C308B098667B}"
EndProject
Project("{FAE04EC0-301F-11D3-BF4B-00C04F79EFBC}") = "XCRS.Services.UserService.Apis.Modetour.Communicator", "src\Services\UserService\Apis\Modetour\XCRS.Services.UserService.Apis.Modetour.Communicator\XCRS.Services.UserService.Apis.Modetour.Communicator.csproj", "{ACFDD5FC-E8AD-44E8-A7E0-C47A6E51E639}"
EndProject
Project("{2150E333-8FDC-42A3-9474-1A3956D46DE8}") = "TargetService", "TargetService", "{7C6A09A4-22E8-40FA-8DDB-6F0A792BD4A9}"
EndProject
Project("{2150E333-8FDC-42A3-9474-1A3956D46DE8}") = "Apis", "Apis", "{4AD0462D-3CC9-4D6B-9FED-A756263874D2}"
EndProject
Project("{FAE04EC0-301F-11D3-BF4B-00C04F79EFBC}") = "XCRS.Services.TargetService.Apis.Main", "src\Services\TargetService\Apis\XCRS.Services.TargetService.Apis.Main\XCRS.Services.TargetService.Apis.Main.csproj", "{894E7EAC-2797-453C-A577-8030ED7B3CB1}"
EndProject
Project("{FAE04EC0-301F-11D3-BF4B-00C04F79EFBC}") = "XCRS.Services.TargetService.Application", "src\Services\TargetService\XCRS.Services.TargetService.Application\XCRS.Services.TargetService.Application.csproj", "{5A886BAB-E699-40DE-955D-D296E60CC9D6}"
EndProject
Project("{FAE04EC0-301F-11D3-BF4B-00C04F79EFBC}") = "XCRS.Services.TargetService.Domain", "src\Services\TargetService\XCRS.Services.TargetService.Domain\XCRS.Services.TargetService.Domain.csproj", "{76DCECE5-4A95-49EA-B093-95D2AF4B24A0}"
EndProject
Project("{FAE04EC0-301F-11D3-BF4B-00C04F79EFBC}") = "XCRS.Services.TargetService.Helper", "src\Services\TargetService\XCRS.Services.TargetService.Helper\XCRS.Services.TargetService.Helper.csproj", "{87073E80-6582-4A59-95A9-3106DA274659}"
EndProject
Project("{FAE04EC0-301F-11D3-BF4B-00C04F79EFBC}") = "XCRS.Services.TargetService.Infrastructure", "src\Services\TargetService\XCRS.Services.TargetService.Infrastructure\XCRS.Services.TargetService.Infrastructure.csproj", "{0E49BA71-E960-4E06-BB18-2D837536CC7A}"
EndProject
Global
	GlobalSection(SolutionConfigurationPlatforms) = preSolution
		Debug|Any CPU = Debug|Any CPU
		Release|Any CPU = Release|Any CPU
	EndGlobalSection
	GlobalSection(ProjectConfigurationPlatforms) = postSolution
		{71E73495-B342-47C6-B435-BD066E5A0FDF}.Debug|Any CPU.ActiveCfg = Debug|Any CPU
		{71E73495-B342-47C6-B435-BD066E5A0FDF}.Debug|Any CPU.Build.0 = Debug|Any CPU
		{71E73495-B342-47C6-B435-BD066E5A0FDF}.Release|Any CPU.ActiveCfg = Release|Any CPU
		{71E73495-B342-47C6-B435-BD066E5A0FDF}.Release|Any CPU.Build.0 = Release|Any CPU
		{4CE112CD-507E-46FD-B126-12D2DC3DC357}.Debug|Any CPU.ActiveCfg = Debug|Any CPU
		{4CE112CD-507E-46FD-B126-12D2DC3DC357}.Debug|Any CPU.Build.0 = Debug|Any CPU
		{4CE112CD-507E-46FD-B126-12D2DC3DC357}.Release|Any CPU.ActiveCfg = Release|Any CPU
		{4CE112CD-507E-46FD-B126-12D2DC3DC357}.Release|Any CPU.Build.0 = Release|Any CPU
		{AD6FC788-AF4D-4FCF-8491-1EEE6293E9AA}.Debug|Any CPU.ActiveCfg = Debug|Any CPU
		{AD6FC788-AF4D-4FCF-8491-1EEE6293E9AA}.Debug|Any CPU.Build.0 = Debug|Any CPU
		{AD6FC788-AF4D-4FCF-8491-1EEE6293E9AA}.Release|Any CPU.ActiveCfg = Release|Any CPU
		{AD6FC788-AF4D-4FCF-8491-1EEE6293E9AA}.Release|Any CPU.Build.0 = Release|Any CPU
		{DA7954D6-9B75-4881-ACE3-080D89B225D8}.Debug|Any CPU.ActiveCfg = Debug|Any CPU
		{DA7954D6-9B75-4881-ACE3-080D89B225D8}.Debug|Any CPU.Build.0 = Debug|Any CPU
		{DA7954D6-9B75-4881-ACE3-080D89B225D8}.Release|Any CPU.ActiveCfg = Release|Any CPU
		{DA7954D6-9B75-4881-ACE3-080D89B225D8}.Release|Any CPU.Build.0 = Release|Any CPU
		{E436252D-7BC8-4636-9AC4-88A6CD2B0C67}.Debug|Any CPU.ActiveCfg = Debug|Any CPU
		{E436252D-7BC8-4636-9AC4-88A6CD2B0C67}.Debug|Any CPU.Build.0 = Debug|Any CPU
		{E436252D-7BC8-4636-9AC4-88A6CD2B0C67}.Release|Any CPU.ActiveCfg = Release|Any CPU
		{E436252D-7BC8-4636-9AC4-88A6CD2B0C67}.Release|Any CPU.Build.0 = Release|Any CPU
		{6FF8C047-A293-469F-BC31-B2CFE4CC08B3}.Debug|Any CPU.ActiveCfg = Debug|Any CPU
		{6FF8C047-A293-469F-BC31-B2CFE4CC08B3}.Debug|Any CPU.Build.0 = Debug|Any CPU
		{6FF8C047-A293-469F-BC31-B2CFE4CC08B3}.Release|Any CPU.ActiveCfg = Release|Any CPU
		{6FF8C047-A293-469F-BC31-B2CFE4CC08B3}.Release|Any CPU.Build.0 = Release|Any CPU
		{84893578-BC5D-4041-90AE-0611B2F63FCF}.Debug|Any CPU.ActiveCfg = Debug|Any CPU
		{84893578-BC5D-4041-90AE-0611B2F63FCF}.Debug|Any CPU.Build.0 = Debug|Any CPU
		{84893578-BC5D-4041-90AE-0611B2F63FCF}.Release|Any CPU.ActiveCfg = Release|Any CPU
		{84893578-BC5D-4041-90AE-0611B2F63FCF}.Release|Any CPU.Build.0 = Release|Any CPU
		{25BCF73B-28B5-4743-80ED-8DA32B2B896B}.Debug|Any CPU.ActiveCfg = Debug|Any CPU
		{25BCF73B-28B5-4743-80ED-8DA32B2B896B}.Debug|Any CPU.Build.0 = Debug|Any CPU
		{25BCF73B-28B5-4743-80ED-8DA32B2B896B}.Release|Any CPU.ActiveCfg = Release|Any CPU
		{25BCF73B-28B5-4743-80ED-8DA32B2B896B}.Release|Any CPU.Build.0 = Release|Any CPU
		{A21D260A-5829-4892-84C8-C5EEB946B95C}.Debug|Any CPU.ActiveCfg = Debug|Any CPU
		{A21D260A-5829-4892-84C8-C5EEB946B95C}.Debug|Any CPU.Build.0 = Debug|Any CPU
		{A21D260A-5829-4892-84C8-C5EEB946B95C}.Release|Any CPU.ActiveCfg = Release|Any CPU
		{A21D260A-5829-4892-84C8-C5EEB946B95C}.Release|Any CPU.Build.0 = Release|Any CPU
		{F0C5B0A1-D7E0-4FCA-AB2E-6ECFD09BD1C2}.Debug|Any CPU.ActiveCfg = Debug|Any CPU
		{F0C5B0A1-D7E0-4FCA-AB2E-6ECFD09BD1C2}.Debug|Any CPU.Build.0 = Debug|Any CPU
		{F0C5B0A1-D7E0-4FCA-AB2E-6ECFD09BD1C2}.Release|Any CPU.ActiveCfg = Release|Any CPU
		{F0C5B0A1-D7E0-4FCA-AB2E-6ECFD09BD1C2}.Release|Any CPU.Build.0 = Release|Any CPU
		{C8A8CE4D-7794-49D5-9CA4-7F0068BF117E}.Debug|Any CPU.ActiveCfg = Debug|Any CPU
		{C8A8CE4D-7794-49D5-9CA4-7F0068BF117E}.Debug|Any CPU.Build.0 = Debug|Any CPU
		{C8A8CE4D-7794-49D5-9CA4-7F0068BF117E}.Release|Any CPU.ActiveCfg = Release|Any CPU
		{C8A8CE4D-7794-49D5-9CA4-7F0068BF117E}.Release|Any CPU.Build.0 = Release|Any CPU
		{ACFDD5FC-E8AD-44E8-A7E0-C47A6E51E639}.Debug|Any CPU.ActiveCfg = Debug|Any CPU
		{ACFDD5FC-E8AD-44E8-A7E0-C47A6E51E639}.Debug|Any CPU.Build.0 = Debug|Any CPU
		{ACFDD5FC-E8AD-44E8-A7E0-C47A6E51E639}.Release|Any CPU.ActiveCfg = Release|Any CPU
		{ACFDD5FC-E8AD-44E8-A7E0-C47A6E51E639}.Release|Any CPU.Build.0 = Release|Any CPU
		{894E7EAC-2797-453C-A577-8030ED7B3CB1}.Debug|Any CPU.ActiveCfg = Debug|Any CPU
		{894E7EAC-2797-453C-A577-8030ED7B3CB1}.Debug|Any CPU.Build.0 = Debug|Any CPU
		{894E7EAC-2797-453C-A577-8030ED7B3CB1}.Release|Any CPU.ActiveCfg = Release|Any CPU
		{894E7EAC-2797-453C-A577-8030ED7B3CB1}.Release|Any CPU.Build.0 = Release|Any CPU
		{5A886BAB-E699-40DE-955D-D296E60CC9D6}.Debug|Any CPU.ActiveCfg = Debug|Any CPU
		{5A886BAB-E699-40DE-955D-D296E60CC9D6}.Debug|Any CPU.Build.0 = Debug|Any CPU
		{5A886BAB-E699-40DE-955D-D296E60CC9D6}.Release|Any CPU.ActiveCfg = Release|Any CPU
		{5A886BAB-E699-40DE-955D-D296E60CC9D6}.Release|Any CPU.Build.0 = Release|Any CPU
		{76DCECE5-4A95-49EA-B093-95D2AF4B24A0}.Debug|Any CPU.ActiveCfg = Debug|Any CPU
		{76DCECE5-4A95-49EA-B093-95D2AF4B24A0}.Debug|Any CPU.Build.0 = Debug|Any CPU
		{76DCECE5-4A95-49EA-B093-95D2AF4B24A0}.Release|Any CPU.ActiveCfg = Release|Any CPU
		{76DCECE5-4A95-49EA-B093-95D2AF4B24A0}.Release|Any CPU.Build.0 = Release|Any CPU
		{87073E80-6582-4A59-95A9-3106DA274659}.Debug|Any CPU.ActiveCfg = Debug|Any CPU
		{87073E80-6582-4A59-95A9-3106DA274659}.Debug|Any CPU.Build.0 = Debug|Any CPU
		{87073E80-6582-4A59-95A9-3106DA274659}.Release|Any CPU.ActiveCfg = Release|Any CPU
		{87073E80-6582-4A59-95A9-3106DA274659}.Release|Any CPU.Build.0 = Release|Any CPU
		{0E49BA71-E960-4E06-BB18-2D837536CC7A}.Debug|Any CPU.ActiveCfg = Debug|Any CPU
		{0E49BA71-E960-4E06-BB18-2D837536CC7A}.Debug|Any CPU.Build.0 = Debug|Any CPU
		{0E49BA71-E960-4E06-BB18-2D837536CC7A}.Release|Any CPU.ActiveCfg = Release|Any CPU
		{0E49BA71-E960-4E06-BB18-2D837536CC7A}.Release|Any CPU.Build.0 = Release|Any CPU
	EndGlobalSection
	GlobalSection(SolutionProperties) = preSolution
		HideSolutionNode = FALSE
	EndGlobalSection
	GlobalSection(NestedProjects) = preSolution
		{3D1CC704-8843-4E87-807E-3B2F43F20360} = {3C9F1924-E0C1-4EA5-88BD-B2975189E1AF}
		{9CAFF53E-509D-4424-B9DC-C95EB1CB7F0F} = {3D1CC704-8843-4E87-807E-3B2F43F20360}
		{CCEB7C39-6218-4CE3-92FE-22CE2ACE4E34} = {6894DB1A-38DC-4E1E-AF68-549119021F1C}
		{71E73495-B342-47C6-B435-BD066E5A0FDF} = {3D1CC704-8843-4E87-807E-3B2F43F20360}
		{4CE112CD-507E-46FD-B126-12D2DC3DC357} = {3D1CC704-8843-4E87-807E-3B2F43F20360}
		{AD6FC788-AF4D-4FCF-8491-1EEE6293E9AA} = {3D1CC704-8843-4E87-807E-3B2F43F20360}
		{DA7954D6-9B75-4881-ACE3-080D89B225D8} = {3D1CC704-8843-4E87-807E-3B2F43F20360}
		{6894DB1A-38DC-4E1E-AF68-549119021F1C} = {1D7EEDB1-0C9F-4BF7-AEEF-737FB0795F16}
		{6FF8C047-A293-469F-BC31-B2CFE4CC08B3} = {6894DB1A-38DC-4E1E-AF68-549119021F1C}
		{84893578-BC5D-4041-90AE-0611B2F63FCF} = {CCEB7C39-6218-4CE3-92FE-22CE2ACE4E34}
		{25BCF73B-28B5-4743-80ED-8DA32B2B896B} = {9CAFF53E-509D-4424-B9DC-C95EB1CB7F0F}
		{F0C5B0A1-D7E0-4FCA-AB2E-6ECFD09BD1C2} = {3C9F1924-E0C1-4EA5-88BD-B2975189E1AF}
		{882C740E-4C7D-4F26-A7AF-3B666208E27D} = {3D1CC704-8843-4E87-807E-3B2F43F20360}
		{C8A8CE4D-7794-49D5-9CA4-7F0068BF117E} = {A66DF21A-560C-4859-BDD6-FBBB4D42AEF3}
		{A66DF21A-560C-4859-BDD6-FBBB4D42AEF3} = {882C740E-4C7D-4F26-A7AF-3B666208E27D}
		{2E42240E-2CA4-4437-A88B-C308B098667B} = {9CAFF53E-509D-4424-B9DC-C95EB1CB7F0F}
		{ACFDD5FC-E8AD-44E8-A7E0-C47A6E51E639} = {2E42240E-2CA4-4437-A88B-C308B098667B}
		{7C6A09A4-22E8-40FA-8DDB-6F0A792BD4A9} = {3C9F1924-E0C1-4EA5-88BD-B2975189E1AF}
		{4AD0462D-3CC9-4D6B-9FED-A756263874D2} = {7C6A09A4-22E8-40FA-8DDB-6F0A792BD4A9}
		{894E7EAC-2797-453C-A577-8030ED7B3CB1} = {4AD0462D-3CC9-4D6B-9FED-A756263874D2}
		{5A886BAB-E699-40DE-955D-D296E60CC9D6} = {7C6A09A4-22E8-40FA-8DDB-6F0A792BD4A9}
		{76DCECE5-4A95-49EA-B093-95D2AF4B24A0} = {7C6A09A4-22E8-40FA-8DDB-6F0A792BD4A9}
		{87073E80-6582-4A59-95A9-3106DA274659} = {7C6A09A4-22E8-40FA-8DDB-6F0A792BD4A9}
		{0E49BA71-E960-4E06-BB18-2D837536CC7A} = {7C6A09A4-22E8-40FA-8DDB-6F0A792BD4A9}
	EndGlobalSection
	GlobalSection(ExtensibilityGlobals) = postSolution
		SolutionGuid = {AA21B7D8-EC20-410C-86AE-4706F16C9A2E}
	EndGlobalSection
EndGlobal
